// !$*UTF8*$!
{
	archiveVersion = 1;
	classes = {
	};
	objectVersion = 50;
	objects = {

/* Begin PBXBuildFile section */
		8F6C8EA82447193900269FDD /* AppDelegate.swift in Sources */ = {isa = PBXBuildFile; fileRef = 8F6C8EA72447193900269FDD /* AppDelegate.swift */; };
		8F6C8EAA2447193900269FDD /* SceneDelegate.swift in Sources */ = {isa = PBXBuildFile; fileRef = 8F6C8EA92447193900269FDD /* SceneDelegate.swift */; };
		8F6C8EAC2447193900269FDD /* ContentView.swift in Sources */ = {isa = PBXBuildFile; fileRef = 8F6C8EAB2447193900269FDD /* ContentView.swift */; };
		8F6C8EAE2447193B00269FDD /* Assets.xcassets in Resources */ = {isa = PBXBuildFile; fileRef = 8F6C8EAD2447193B00269FDD /* Assets.xcassets */; };
		8F6C8EB12447193B00269FDD /* Preview Assets.xcassets in Resources */ = {isa = PBXBuildFile; fileRef = 8F6C8EB02447193B00269FDD /* Preview Assets.xcassets */; };
		8F6C8EB42447193B00269FDD /* LaunchScreen.storyboard in Resources */ = {isa = PBXBuildFile; fileRef = 8F6C8EB22447193B00269FDD /* LaunchScreen.storyboard */; };
		8F6C8EBF2447193B00269FDD /* sampleTests.swift in Sources */ = {isa = PBXBuildFile; fileRef = 8F6C8EBE2447193B00269FDD /* sampleTests.swift */; };
		8F6C8ECA2447193B00269FDD /* sampleUITests.swift in Sources */ = {isa = PBXBuildFile; fileRef = 8F6C8EC92447193B00269FDD /* sampleUITests.swift */; };
/* End PBXBuildFile section */

/* Begin PBXContainerItemProxy section */
		8F6C8EBB2447193B00269FDD /* PBXContainerItemProxy */ = {
			isa = PBXContainerItemProxy;
			containerPortal = 8F6C8E9C2447193900269FDD /* Project object */;
			proxyType = 1;
			remoteGlobalIDString = 8F6C8EA32447193900269FDD;
			remoteInfo = sample;
		};
		8F6C8EC62447193B00269FDD /* PBXContainerItemProxy */ = {
			isa = PBXContainerItemProxy;
			containerPortal = 8F6C8E9C2447193900269FDD /* Project object */;
			proxyType = 1;
			remoteGlobalIDString = 8F6C8EA32447193900269FDD;
			remoteInfo = sample;
		};
/* End PBXContainerItemProxy section */

/* Begin PBXFileReference section */
		8F6C8EA42447193900269FDD /* sample.app */ = {isa = PBXFileReference; explicitFileType = wrapper.application; includeInIndex = 0; path = sample.app; sourceTree = BUILT_PRODUCTS_DIR; };
		8F6C8EA72447193900269FDD /* AppDelegate.swift */ = {isa = PBXFileReference; lastKnownFileType = sourcecode.swift; path = AppDelegate.swift; sourceTree = "<group>"; };
		8F6C8EA92447193900269FDD /* SceneDelegate.swift */ = {isa = PBXFileReference; lastKnownFileType = sourcecode.swift; path = SceneDelegate.swift; sourceTree = "<group>"; };
		8F6C8EAB2447193900269FDD /* ContentView.swift */ = {isa = PBXFileReference; lastKnownFileType = sourcecode.swift; path = ContentView.swift; sourceTree = "<group>"; };
		8F6C8EAD2447193B00269FDD /* Assets.xcassets */ = {isa = PBXFileReference; lastKnownFileType = folder.assetcatalog; path = Assets.xcassets; sourceTree = "<group>"; };
		8F6C8EB02447193B00269FDD /* Preview Assets.xcassets */ = {isa = PBXFileReference; lastKnownFileType = folder.assetcatalog; path = "Preview Assets.xcassets"; sourceTree = "<group>"; };
		8F6C8EB32447193B00269FDD /* Base */ = {isa = PBXFileReference; lastKnownFileType = file.storyboard; name = Base; path = Base.lproj/LaunchScreen.storyboard; sourceTree = "<group>"; };
		8F6C8EB52447193B00269FDD /* Info.plist */ = {isa = PBXFileReference; lastKnownFileType = text.plist.xml; path = Info.plist; sourceTree = "<group>"; };
		8F6C8EBA2447193B00269FDD /* sampleTests.xctest */ = {isa = PBXFileReference; explicitFileType = wrapper.cfbundle; includeInIndex = 0; path = sampleTests.xctest; sourceTree = BUILT_PRODUCTS_DIR; };
		8F6C8EBE2447193B00269FDD /* sampleTests.swift */ = {isa = PBXFileReference; lastKnownFileType = sourcecode.swift; path = sampleTests.swift; sourceTree = "<group>"; };
		8F6C8EC02447193B00269FDD /* Info.plist */ = {isa = PBXFileReference; lastKnownFileType = text.plist.xml; path = Info.plist; sourceTree = "<group>"; };
		8F6C8EC52447193B00269FDD /* sampleUITests.xctest */ = {isa = PBXFileReference; explicitFileType = wrapper.cfbundle; includeInIndex = 0; path = sampleUITests.xctest; sourceTree = BUILT_PRODUCTS_DIR; };
		8F6C8EC92447193B00269FDD /* sampleUITests.swift */ = {isa = PBXFileReference; lastKnownFileType = sourcecode.swift; path = sampleUITests.swift; sourceTree = "<group>"; };
		8F6C8ECB2447193B00269FDD /* Info.plist */ = {isa = PBXFileReference; lastKnownFileType = text.plist.xml; path = Info.plist; sourceTree = "<group>"; };
/* End PBXFileReference section */

/* Begin PBXFrameworksBuildPhase section */
		8F6C8EA12447193900269FDD /* Frameworks */ = {
			isa = PBXFrameworksBuildPhase;
			buildActionMask = 2147483647;
			files = (
			);
			runOnlyForDeploymentPostprocessing = 0;
		};
		8F6C8EB72447193B00269FDD /* Frameworks */ = {
			isa = PBXFrameworksBuildPhase;
			buildActionMask = 2147483647;
			files = (
			);
			runOnlyForDeploymentPostprocessing = 0;
		};
		8F6C8EC22447193B00269FDD /* Frameworks */ = {
			isa = PBXFrameworksBuildPhase;
			buildActionMask = 2147483647;
			files = (
			);
			runOnlyForDeploymentPostprocessing = 0;
		};
/* End PBXFrameworksBuildPhase section */

/* Begin PBXGroup section */
		8F6C8E9B2447193900269FDD = {
			isa = PBXGroup;
			children = (
				8F6C8EA62447193900269FDD /* sample */,
				8F6C8EBD2447193B00269FDD /* sampleTests */,
				8F6C8EC82447193B00269FDD /* sampleUITests */,
				8F6C8EA52447193900269FDD /* Products */,
			);
			sourceTree = "<group>";
		};
		8F6C8EA52447193900269FDD /* Products */ = {
			isa = PBXGroup;
			children = (
				8F6C8EA42447193900269FDD /* sample.app */,
				8F6C8EBA2447193B00269FDD /* sampleTests.xctest */,
				8F6C8EC52447193B00269FDD /* sampleUITests.xctest */,
			);
			name = Products;
			sourceTree = "<group>";
		};
		8F6C8EA62447193900269FDD /* sample */ = {
			isa = PBXGroup;
			children = (
				8F6C8EA72447193900269FDD /* AppDelegate.swift */,
				8F6C8EA92447193900269FDD /* SceneDelegate.swift */,
				8F6C8EAB2447193900269FDD /* ContentView.swift */,
				8F6C8EAD2447193B00269FDD /* Assets.xcassets */,
				8F6C8EB22447193B00269FDD /* LaunchScreen.storyboard */,
				8F6C8EB52447193B00269FDD /* Info.plist */,
				8F6C8EAF2447193B00269FDD /* Preview Content */,
			);
			path = sample;
			sourceTree = "<group>";
		};
		8F6C8EAF2447193B00269FDD /* Preview Content */ = {
			isa = PBXGroup;
			children = (
				8F6C8EB02447193B00269FDD /* Preview Assets.xcassets */,
			);
			path = "Preview Content";
			sourceTree = "<group>";
		};
		8F6C8EBD2447193B00269FDD /* sampleTests */ = {
			isa = PBXGroup;
			children = (
				8F6C8EBE2447193B00269FDD /* sampleTests.swift */,
				8F6C8EC02447193B00269FDD /* Info.plist */,
			);
			path = sampleTests;
			sourceTree = "<group>";
		};
		8F6C8EC82447193B00269FDD /* sampleUITests */ = {
			isa = PBXGroup;
			children = (
				8F6C8EC92447193B00269FDD /* sampleUITests.swift */,
				8F6C8ECB2447193B00269FDD /* Info.plist */,
			);
			path = sampleUITests;
			sourceTree = "<group>";
		};
/* End PBXGroup section */

/* Begin PBXNativeTarget section */
		8F6C8EA32447193900269FDD /* sample */ = {
			isa = PBXNativeTarget;
			buildConfigurationList = 8F6C8ECE2447193B00269FDD /* Build configuration list for PBXNativeTarget "sample" */;
			buildPhases = (
				8F6C8EA02447193900269FDD /* Sources */,
				8F6C8EA12447193900269FDD /* Frameworks */,
				8F6C8EA22447193900269FDD /* Resources */,
			);
			buildRules = (
			);
			dependencies = (
			);
			name = sample;
			productName = sample;
			productReference = 8F6C8EA42447193900269FDD /* sample.app */;
			productType = "com.apple.product-type.application";
		};
		8F6C8EB92447193B00269FDD /* sampleTests */ = {
			isa = PBXNativeTarget;
			buildConfigurationList = 8F6C8ED12447193B00269FDD /* Build configuration list for PBXNativeTarget "sampleTests" */;
			buildPhases = (
				8F6C8EB62447193B00269FDD /* Sources */,
				8F6C8EB72447193B00269FDD /* Frameworks */,
				8F6C8EB82447193B00269FDD /* Resources */,
			);
			buildRules = (
			);
			dependencies = (
				8F6C8EBC2447193B00269FDD /* PBXTargetDependency */,
			);
			name = sampleTests;
			productName = sampleTests;
			productReference = 8F6C8EBA2447193B00269FDD /* sampleTests.xctest */;
			productType = "com.apple.product-type.bundle.unit-test";
		};
		8F6C8EC42447193B00269FDD /* sampleUITests */ = {
			isa = PBXNativeTarget;
			buildConfigurationList = 8F6C8ED42447193B00269FDD /* Build configuration list for PBXNativeTarget "sampleUITests" */;
			buildPhases = (
				8F6C8EC12447193B00269FDD /* Sources */,
				8F6C8EC22447193B00269FDD /* Frameworks */,
				8F6C8EC32447193B00269FDD /* Resources */,
			);
			buildRules = (
			);
			dependencies = (
				8F6C8EC72447193B00269FDD /* PBXTargetDependency */,
			);
			name = sampleUITests;
			productName = sampleUITests;
			productReference = 8F6C8EC52447193B00269FDD /* sampleUITests.xctest */;
			productType = "com.apple.product-type.bundle.ui-testing";
		};
/* End PBXNativeTarget section */

/* Begin PBXProject section */
		8F6C8E9C2447193900269FDD /* Project object */ = {
			isa = PBXProject;
			attributes = {
				LastSwiftUpdateCheck = 1140;
				LastUpgradeCheck = 1140;
				ORGANIZATIONNAME = "jiaxin Liu";
				TargetAttributes = {
					8F6C8EA32447193900269FDD = {
						CreatedOnToolsVersion = 11.4;
					};
					8F6C8EB92447193B00269FDD = {
						CreatedOnToolsVersion = 11.4;
						TestTargetID = 8F6C8EA32447193900269FDD;
					};
					8F6C8EC42447193B00269FDD = {
						CreatedOnToolsVersion = 11.4;
						TestTargetID = 8F6C8EA32447193900269FDD;
					};
				};
			};
			buildConfigurationList = 8F6C8E9F2447193900269FDD /* Build configuration list for PBXProject "sample" */;
			compatibilityVersion = "Xcode 9.3";
			developmentRegion = en;
			hasScannedForEncodings = 0;
			knownRegions = (
				en,
				Base,
			);
			mainGroup = 8F6C8E9B2447193900269FDD;
			productRefGroup = 8F6C8EA52447193900269FDD /* Products */;
			projectDirPath = "";
			projectRoot = "";
			targets = (
				8F6C8EA32447193900269FDD /* sample */,
				8F6C8EB92447193B00269FDD /* sampleTests */,
				8F6C8EC42447193B00269FDD /* sampleUITests */,
			);
		};
/* End PBXProject section */

/* Begin PBXResourcesBuildPhase section */
		8F6C8EA22447193900269FDD /* Resources */ = {
			isa = PBXResourcesBuildPhase;
			buildActionMask = 2147483647;
			files = (
				8F6C8EB42447193B00269FDD /* LaunchScreen.storyboard in Resources */,
				8F6C8EB12447193B00269FDD /* Preview Assets.xcassets in Resources */,
				8F6C8EAE2447193B00269FDD /* Assets.xcassets in Resources */,
			);
			runOnlyForDeploymentPostprocessing = 0;
		};
		8F6C8EB82447193B00269FDD /* Resources */ = {
			isa = PBXResourcesBuildPhase;
			buildActionMask = 2147483647;
			files = (
			);
			runOnlyForDeploymentPostprocessing = 0;
		};
		8F6C8EC32447193B00269FDD /* Resources */ = {
			isa = PBXResourcesBuildPhase;
			buildActionMask = 2147483647;
			files = (
			);
			runOnlyForDeploymentPostprocessing = 0;
		};
/* End PBXResourcesBuildPhase section */

/* Begin PBXSourcesBuildPhase section */
		8F6C8EA02447193900269FDD /* Sources */ = {
			isa = PBXSourcesBuildPhase;
			buildActionMask = 2147483647;
			files = (
				8F6C8EA82447193900269FDD /* AppDelegate.swift in Sources */,
				8F6C8EAA2447193900269FDD /* SceneDelegate.swift in Sources */,
				8F6C8EAC2447193900269FDD /* ContentView.swift in Sources */,
			);
			runOnlyForDeploymentPostprocessing = 0;
		};
		8F6C8EB62447193B00269FDD /* Sources */ = {
			isa = PBXSourcesBuildPhase;
			buildActionMask = 2147483647;
			files = (
				8F6C8EBF2447193B00269FDD /* sampleTests.swift in Sources */,
			);
			runOnlyForDeploymentPostprocessing = 0;
		};
		8F6C8EC12447193B00269FDD /* Sources */ = {
			isa = PBXSourcesBuildPhase;
			buildActionMask = 2147483647;
			files = (
				8F6C8ECA2447193B00269FDD /* sampleUITests.swift in Sources */,
			);
			runOnlyForDeploymentPostprocessing = 0;
		};
/* End PBXSourcesBuildPhase section */

/* Begin PBXTargetDependency section */
		8F6C8EBC2447193B00269FDD /* PBXTargetDependency */ = {
			isa = PBXTargetDependency;
			target = 8F6C8EA32447193900269FDD /* sample */;
			targetProxy = 8F6C8EBB2447193B00269FDD /* PBXContainerItemProxy */;
		};
		8F6C8EC72447193B00269FDD /* PBXTargetDependency */ = {
			isa = PBXTargetDependency;
			target = 8F6C8EA32447193900269FDD /* sample */;
			targetProxy = 8F6C8EC62447193B00269FDD /* PBXContainerItemProxy */;
		};
/* End PBXTargetDependency section */

/* Begin PBXVariantGroup section */
		8F6C8EB22447193B00269FDD /* LaunchScreen.storyboard */ = {
			isa = PBXVariantGroup;
			children = (
				8F6C8EB32447193B00269FDD /* Base */,
			);
			name = LaunchScreen.storyboard;
			sourceTree = "<group>";
		};
/* End PBXVariantGroup section */

/* Begin XCBuildConfiguration section */
		8F6C8ECC2447193B00269FDD /* Debug */ = {
			isa = XCBuildConfiguration;
			buildSettings = {
				ALWAYS_SEARCH_USER_PATHS = NO;
				CLANG_ANALYZER_NONNULL = YES;
				CLANG_ANALYZER_NUMBER_OBJECT_CONVERSION = YES_AGGRESSIVE;
				CLANG_CXX_LANGUAGE_STANDARD = "gnu++14";
				CLANG_CXX_LIBRARY = "libc++";
				CLANG_ENABLE_MODULES = YES;
				CLANG_ENABLE_OBJC_ARC = YES;
				CLANG_ENABLE_OBJC_WEAK = YES;
				CLANG_WARN_BLOCK_CAPTURE_AUTORELEASING = YES;
				CLANG_WARN_BOOL_CONVERSION = YES;
				CLANG_WARN_COMMA = YES;
				CLANG_WARN_CONSTANT_CONVERSION = YES;
				CLANG_WARN_DEPRECATED_OBJC_IMPLEMENTATIONS = YES;
				CLANG_WARN_DIRECT_OBJC_ISA_USAGE = YES_ERROR;
				CLANG_WARN_DOCUMENTATION_COMMENTS = YES;
				CLANG_WARN_EMPTY_BODY = YES;
				CLANG_WARN_ENUM_CONVERSION = YES;
				CLANG_WARN_INFINITE_RECURSION = YES;
				CLANG_WARN_INT_CONVERSION = YES;
				CLANG_WARN_NON_LITERAL_NULL_CONVERSION = YES;
				CLANG_WARN_OBJC_IMPLICIT_RETAIN_SELF = YES;
				CLANG_WARN_OBJC_LITERAL_CONVERSION = YES;
				CLANG_WARN_OBJC_ROOT_CLASS = YES_ERROR;
				CLANG_WARN_RANGE_LOOP_ANALYSIS = YES;
				CLANG_WARN_STRICT_PROTOTYPES = YES;
				CLANG_WARN_SUSPICIOUS_MOVE = YES;
				CLANG_WARN_UNGUARDED_AVAILABILITY = YES_AGGRESSIVE;
				CLANG_WARN_UNREACHABLE_CODE = YES;
				CLANG_WARN__DUPLICATE_METHOD_MATCH = YES;
				COPY_PHASE_STRIP = NO;
				DEBUG_INFORMATION_FORMAT = dwarf;
				ENABLE_STRICT_OBJC_MSGSEND = YES;
				ENABLE_TESTABILITY = YES;
				GCC_C_LANGUAGE_STANDARD = gnu11;
				GCC_DYNAMIC_NO_PIC = NO;
				GCC_NO_COMMON_BLOCKS = YES;
				GCC_OPTIMIZATION_LEVEL = 0;
				GCC_PREPROCESSOR_DEFINITIONS = (
					"DEBUG=1",
					"$(inherited)",
				);
				GCC_WARN_64_TO_32_BIT_CONVERSION = YES;
				GCC_WARN_ABOUT_RETURN_TYPE = YES_ERROR;
				GCC_WARN_UNDECLARED_SELECTOR = YES;
				GCC_WARN_UNINITIALIZED_AUTOS = YES_AGGRESSIVE;
				GCC_WARN_UNUSED_FUNCTION = YES;
				GCC_WARN_UNUSED_VARIABLE = YES;
				IPHONEOS_DEPLOYMENT_TARGET = 13.4;
				MTL_ENABLE_DEBUG_INFO = INCLUDE_SOURCE;
				MTL_FAST_MATH = YES;
				ONLY_ACTIVE_ARCH = YES;
				SDKROOT = iphoneos;
				SWIFT_ACTIVE_COMPILATION_CONDITIONS = DEBUG;
				SWIFT_OPTIMIZATION_LEVEL = "-Onone";
			};
			name = Debug;
		};
		8F6C8ECD2447193B00269FDD /* Release */ = {
			isa = XCBuildConfiguration;
			buildSettings = {
				ALWAYS_SEARCH_USER_PATHS = NO;
				CLANG_ANALYZER_NONNULL = YES;
				CLANG_ANALYZER_NUMBER_OBJECT_CONVERSION = YES_AGGRESSIVE;
				CLANG_CXX_LANGUAGE_STANDARD = "gnu++14";
				CLANG_CXX_LIBRARY = "libc++";
				CLANG_ENABLE_MODULES = YES;
				CLANG_ENABLE_OBJC_ARC = YES;
				CLANG_ENABLE_OBJC_WEAK = YES;
				CLANG_WARN_BLOCK_CAPTURE_AUTORELEASING = YES;
				CLANG_WARN_BOOL_CONVERSION = YES;
				CLANG_WARN_COMMA = YES;
				CLANG_WARN_CONSTANT_CONVERSION = YES;
				CLANG_WARN_DEPRECATED_OBJC_IMPLEMENTATIONS = YES;
				CLANG_WARN_DIRECT_OBJC_ISA_USAGE = YES_ERROR;
				CLANG_WARN_DOCUMENTATION_COMMENTS = YES;
				CLANG_WARN_EMPTY_BODY = YES;
				CLANG_WARN_ENUM_CONVERSION = YES;
				CLANG_WARN_INFINITE_RECURSION = YES;
				CLANG_WARN_INT_CONVERSION = YES;
				CLANG_WARN_NON_LITERAL_NULL_CONVERSION = YES;
				CLANG_WARN_OBJC_IMPLICIT_RETAIN_SELF = YES;
				CLANG_WARN_OBJC_LITERAL_CONVERSION = YES;
				CLANG_WARN_OBJC_ROOT_CLASS = YES_ERROR;
				CLANG_WARN_RANGE_LOOP_ANALYSIS = YES;
				CLANG_WARN_STRICT_PROTOTYPES = YES;
				CLANG_WARN_SUSPICIOUS_MOVE = YES;
				CLANG_WARN_UNGUARDED_AVAILABILITY = YES_AGGRESSIVE;
				CLANG_WARN_UNREACHABLE_CODE = YES;
				CLANG_WARN__DUPLICATE_METHOD_MATCH = YES;
				COPY_PHASE_STRIP = NO;
				DEBUG_INFORMATION_FORMAT = "dwarf-with-dsym";
				ENABLE_NS_ASSERTIONS = NO;
				ENABLE_STRICT_OBJC_MSGSEND = YES;
				GCC_C_LANGUAGE_STANDARD = gnu11;
				GCC_NO_COMMON_BLOCKS = YES;
				GCC_WARN_64_TO_32_BIT_CONVERSION = YES;
				GCC_WARN_ABOUT_RETURN_TYPE = YES_ERROR;
				GCC_WARN_UNDECLARED_SELECTOR = YES;
				GCC_WARN_UNINITIALIZED_AUTOS = YES_AGGRESSIVE;
				GCC_WARN_UNUSED_FUNCTION = YES;
				GCC_WARN_UNUSED_VARIABLE = YES;
				IPHONEOS_DEPLOYMENT_TARGET = 13.4;
				MTL_ENABLE_DEBUG_INFO = NO;
				MTL_FAST_MATH = YES;
				SDKROOT = iphoneos;
				SWIFT_COMPILATION_MODE = wholemodule;
				SWIFT_OPTIMIZATION_LEVEL = "-O";
				VALIDATE_PRODUCT = YES;
			};
			name = Release;
		};
		8F6C8ECF2447193B00269FDD /* Debug */ = {
			isa = XCBuildConfiguration;
			buildSettings = {
				ASSETCATALOG_COMPILER_APPICON_NAME = AppIcon;
				CODE_SIGN_STYLE = Automatic;
				DEVELOPMENT_ASSET_PATHS = "\"sample/Preview Content\"";
				ENABLE_PREVIEWS = YES;
				INFOPLIST_FILE = sample/Info.plist;
				LD_RUNPATH_SEARCH_PATHS = (
					"$(inherited)",
					"@executable_path/Frameworks",
				);
				PRODUCT_BUNDLE_IDENTIFIER = "coding-tutorial.sample";
				PRODUCT_NAME = "$(TARGET_NAME)";
				SWIFT_VERSION = 5.0;
				TARGETED_DEVICE_FAMILY = "1,2";
			};
			name = Debug;
		};
		8F6C8ED02447193B00269FDD /* Release */ = {
			isa = XCBuildConfiguration;
			buildSettings = {
				ASSETCATALOG_COMPILER_APPICON_NAME = AppIcon;
				CODE_SIGN_STYLE = Automatic;
				DEVELOPMENT_ASSET_PATHS = "\"sample/Preview Content\"";
				ENABLE_PREVIEWS = YES;
				INFOPLIST_FILE = sample/Info.plist;
				LD_RUNPATH_SEARCH_PATHS = (
					"$(inherited)",
					"@executable_path/Frameworks",
				);
				PRODUCT_BUNDLE_IDENTIFIER = "coding-tutorial.sample";
				PRODUCT_NAME = "$(TARGET_NAME)";
				SWIFT_VERSION = 5.0;
				TARGETED_DEVICE_FAMILY = "1,2";
			};
			name = Release;
		};
		8F6C8ED22447193B00269FDD /* Debug */ = {
			isa = XCBuildConfiguration;
			buildSettings = {
				ALWAYS_EMBED_SWIFT_STANDARD_LIBRARIES = YES;
				BUNDLE_LOADER = "$(TEST_HOST)";
				CODE_SIGN_STYLE = Automatic;
				INFOPLIST_FILE = sampleTests/Info.plist;
				IPHONEOS_DEPLOYMENT_TARGET = 13.4;
				LD_RUNPATH_SEARCH_PATHS = (
					"$(inherited)",
					"@executable_path/Frameworks",
					"@loader_path/Frameworks",
				);
				PRODUCT_BUNDLE_IDENTIFIER = "coding-tutorial.sampleTests";
				PRODUCT_NAME = "$(TARGET_NAME)";
				SWIFT_VERSION = 5.0;
				TARGETED_DEVICE_FAMILY = "1,2";
				TEST_HOST = "$(BUILT_PRODUCTS_DIR)/sample.app/sample";
			};
			name = Debug;
		};
		8F6C8ED32447193B00269FDD /* Release */ = {
			isa = XCBuildConfiguration;
			buildSettings = {
				ALWAYS_EMBED_SWIFT_STANDARD_LIBRARIES = YES;
				BUNDLE_LOADER = "$(TEST_HOST)";
				CODE_SIGN_STYLE = Automatic;
				INFOPLIST_FILE = sampleTests/Info.plist;
				IPHONEOS_DEPLOYMENT_TARGET = 13.4;
				LD_RUNPATH_SEARCH_PATHS = (
					"$(inherited)",
					"@executable_path/Frameworks",
					"@loader_path/Frameworks",
				);
				PRODUCT_BUNDLE_IDENTIFIER = "coding-tutorial.sampleTests";
				PRODUCT_NAME = "$(TARGET_NAME)";
				SWIFT_VERSION = 5.0;
				TARGETED_DEVICE_FAMILY = "1,2";
				TEST_HOST = "$(BUILT_PRODUCTS_DIR)/sample.app/sample";
			};
			name = Release;
		};
		8F6C8ED52447193B00269FDD /* Debug */ = {
			isa = XCBuildConfiguration;
			buildSettings = {
				ALWAYS_EMBED_SWIFT_STANDARD_LIBRARIES = YES;
				CODE_SIGN_STYLE = Automatic;
				INFOPLIST_FILE = sampleUITests/Info.plist;
				LD_RUNPATH_SEARCH_PATHS = (
					"$(inherited)",
					"@executable_path/Frameworks",
					"@loader_path/Frameworks",
				);
				PRODUCT_BUNDLE_IDENTIFIER = "coding-tutorial.sampleUITests";
				PRODUCT_NAME = "$(TARGET_NAME)";
				SWIFT_VERSION = 5.0;
				TARGETED_DEVICE_FAMILY = "1,2";
				TEST_TARGET_NAME = sample;
			};
			name = Debug;
		};
		8F6C8ED62447193B00269FDD /* Release */ = {
			isa = XCBuildConfiguration;
			buildSettings = {
				ALWAYS_EMBED_SWIFT_STANDARD_LIBRARIES = YES;
				CODE_SIGN_STYLE = Automatic;
				INFOPLIST_FILE = sampleUITests/Info.plist;
				LD_RUNPATH_SEARCH_PATHS = (
					"$(inherited)",
					"@executable_path/Frameworks",
					"@loader_path/Frameworks",
				);
				PRODUCT_BUNDLE_IDENTIFIER = "coding-tutorial.sampleUITests";
				PRODUCT_NAME = "$(TARGET_NAME)";
				SWIFT_VERSION = 5.0;
				TARGETED_DEVICE_FAMILY = "1,2";
				TEST_TARGET_NAME = sample;
			};
			name = Release;
		};
/* End XCBuildConfiguration section */

/* Begin XCConfigurationList section */
		8F6C8E9F2447193900269FDD /* Build configuration list for PBXProject "sample" */ = {
			isa = XCConfigurationList;
			buildConfigurations = (
				8F6C8ECC2447193B00269FDD /* Debug */,
				8F6C8ECD2447193B00269FDD /* Release */,
			);
			defaultConfigurationIsVisible = 0;
			defaultConfigurationName = Release;
		};
		8F6C8ECE2447193B00269FDD /* Build configuration list for PBXNativeTarget "sample" */ = {
			isa = XCConfigurationList;
			buildConfigurations = (
				8F6C8ECF2447193B00269FDD /* Debug */,
				8F6C8ED02447193B00269FDD /* Release */,
			);
			defaultConfigurationIsVisible = 0;
			defaultConfigurationName = Release;
		};
		8F6C8ED12447193B00269FDD /* Build configuration list for PBXNativeTarget "sampleTests" */ = {
			isa = XCConfigurationList;
			buildConfigurations = (
				8F6C8ED22447193B00269FDD /* Debug */,
				8F6C8ED32447193B00269FDD /* Release */,
			);
			defaultConfigurationIsVisible = 0;
			defaultConfigurationName = Release;
		};
		8F6C8ED42447193B00269FDD /* Build configuration list for PBXNativeTarget "sampleUITests" */ = {
			isa = XCConfigurationList;
			buildConfigurations = (
				8F6C8ED52447193B00269FDD /* Debug */,
				8F6C8ED62447193B00269FDD /* Release */,
			);
			defaultConfigurationIsVisible = 0;
			defaultConfigurationName = Release;
		};
/* End XCConfigurationList section */
	};
	rootObject = 8F6C8E9C2447193900269FDD /* Project object */;
}
